
Microsoft Visual Studio Solution File, Format Version 12.00
# Visual Studio 2013
VisualStudioVersion = 12.0.21005.1
MinimumVisualStudioVersion = 10.0.40219.1
Project("{FAE04EC0-301F-11D3-BF4B-00C04F79EFBC}") = "ITRACKERP", "EFTesting\ITRACKERP.csproj", "{8C0EF33A-0D92-482D-99E2-48D9774E76B3}"
EndProject
Project("{FAE04EC0-301F-11D3-BF4B-00C04F79EFBC}") = "ITRACK.models", "ITRACK.models\ITRACK.models.csproj", "{0391BADC-2DAD-449D-8BFC-B1638DE7A4A3}"
EndProject
Global
	GlobalSection(SolutionConfigurationPlatforms) = preSolution
		Debug|Any CPU = Debug|Any CPU
		Release|Any CPU = Release|Any CPU
	EndGlobalSection
	GlobalSection(ProjectConfigurationPlatforms) = postSolution
		{8C0EF33A-0D92-482D-99E2-48D9774E76B3}.Debug|Any CPU.ActiveCfg = Debug|Any CPU
		{8C0EF33A-0D92-482D-99E2-48D9774E76B3}.Debug|Any CPU.Build.0 = Debug|Any CPU
		{8C0EF33A-0D92-482D-99E2-48D9774E76B3}.Release|Any CPU.ActiveCfg = Release|Any CPU
		{8C0EF33A-0D92-482D-99E2-48D9774E76B3}.Release|Any CPU.Build.0 = Release|Any CPU
		{0391BADC-2DAD-449D-8BFC-B1638DE7A4A3}.Debug|Any CPU.ActiveCfg = Debug|Any CPU
		{0391BADC-2DAD-449D-8BFC-B1638DE7A4A3}.Debug|Any CPU.Build.0 = Debug|Any CPU
		{0391BADC-2DAD-449D-8BFC-B1638DE7A4A3}.Release|Any CPU.ActiveCfg = Release|Any CPU
		{0391BADC-2DAD-449D-8BFC-B1638DE7A4A3}.Release|Any CPU.Build.0 = Release|Any CPU
	EndGlobalSection
	GlobalSection(SolutionProperties) = preSolution
		HideSolutionNode = FALSE
	EndGlobalSection
EndGlobal
